
Microsoft Visual Studio Solution File, Format Version 12.00
# Visual Studio 15
VisualStudioVersion = 15.0.28307.271
MinimumVisualStudioVersion = 10.0.40219.1
Project("{FAE04EC0-301F-11D3-BF4B-00C04F79EFBC}") = "ZethconLibrary", "ZethconLibrary.csproj", "{37B22E44-0BD3-4541-8D63-3F184ADA5C3C}"
EndProject
Global
	GlobalSection(SolutionConfigurationPlatforms) = preSolution
		Debug|Any CPU = Debug|Any CPU
		Release|Any CPU = Release|Any CPU
	EndGlobalSection
	GlobalSection(ProjectConfigurationPlatforms) = postSolution
		{37B22E44-0BD3-4541-8D63-3F184ADA5C3C}.Debug|Any CPU.ActiveCfg = Debug|Any CPU
		{37B22E44-0BD3-4541-8D63-3F184ADA5C3C}.Debug|Any CPU.Build.0 = Debug|Any CPU
		{37B22E44-0BD3-4541-8D63-3F184ADA5C3C}.Release|Any CPU.ActiveCfg = Release|Any CPU
		{37B22E44-0BD3-4541-8D63-3F184ADA5C3C}.Release|Any CPU.Build.0 = Release|Any CPU
	EndGlobalSection
	GlobalSection(SolutionProperties) = preSolution
		HideSolutionNode = FALSE
	EndGlobalSection
	GlobalSection(ExtensibilityGlobals) = postSolution
		SolutionGuid = {E90DA742-0F99-4F40-B285-7DDC8F3ECA42}
	EndGlobalSection
EndGlobal
